// !$*UTF8*$!
{
	archiveVersion = 1;
	classes = {
	};
	objectVersion = 46;
	objects = {

/* Begin PBXBuildFile section */
		290036FF1D0FB7490055B93D /* odd_before_even.cpp in Sources */ = {isa = PBXBuildFile; fileRef = 290036FE1D0FB7490055B93D /* odd_before_even.cpp */; };
		290037011D0FF0140055B93D /* binary_to_linkedlist.cpp in Sources */ = {isa = PBXBuildFile; fileRef = 290037001D0FF0140055B93D /* binary_to_linkedlist.cpp */; };
		290209C31CE18945003C622C /* btree.cpp in Sources */ = {isa = PBXBuildFile; fileRef = 290209C11CE18945003C622C /* btree.cpp */; };
		290209C61CE1C440003C622C /* IDecorator.cpp in Sources */ = {isa = PBXBuildFile; fileRef = 290209C51CE1C440003C622C /* IDecorator.cpp */; };
		2902D7BC1CF6B9EA0055FC9F /* help.cpp in Sources */ = {isa = PBXBuildFile; fileRef = 2902D7BA1CF6B9EA0055FC9F /* help.cpp */; };
		2947C3301CDB3C74002A406D /* main.cpp in Sources */ = {isa = PBXBuildFile; fileRef = 2947C32F1CDB3C74002A406D /* main.cpp */; };
		29E652C11D113B9E00605F2E /* indexBtree.cpp in Sources */ = {isa = PBXBuildFile; fileRef = 29E652C01D113B9D00605F2E /* indexBtree.cpp */; };
		29E652C31D11550B00605F2E /* sortedlist_to_bst.cpp in Sources */ = {isa = PBXBuildFile; fileRef = 29E652C21D11550B00605F2E /* sortedlist_to_bst.cpp */; };
		29EF70721D138D6A00CC0C02 /* infixToPostfix.cpp in Sources */ = {isa = PBXBuildFile; fileRef = 29EF70711D138D6A00CC0C02 /* infixToPostfix.cpp */; };
		29EF70741D13ABCF00CC0C02 /* binarySearch.cpp in Sources */ = {isa = PBXBuildFile; fileRef = 29EF70731D13ABCF00CC0C02 /* binarySearch.cpp */; };
		29F132F11CDC2AAB006428E2 /* intersectionSort.cpp in Sources */ = {isa = PBXBuildFile; fileRef = 29F132EF1CDC2AAB006428E2 /* intersectionSort.cpp */; };
		29F132F31CDC338B006428E2 /* shellSort.cpp in Sources */ = {isa = PBXBuildFile; fileRef = 29F132F21CDC338B006428E2 /* shellSort.cpp */; };
		29F132F71CDC6AD6006428E2 /* testPass.cpp in Sources */ = {isa = PBXBuildFile; fileRef = 29F132F51CDC6AD6006428E2 /* testPass.cpp */; };
		29F132FA1CDC7833006428E2 /* Encryption.cpp in Sources */ = {isa = PBXBuildFile; fileRef = 29F132F81CDC7833006428E2 /* Encryption.cpp */; };
		29F132FE1CDC8489006428E2 /* observer.cpp in Sources */ = {isa = PBXBuildFile; fileRef = 29F132FC1CDC8489006428E2 /* observer.cpp */; };
		29F4C15F1D1243E8005D09F6 /* norecursion_visit.cpp in Sources */ = {isa = PBXBuildFile; fileRef = 29F4C15E1D1243E8005D09F6 /* norecursion_visit.cpp */; };
		29F4C1611D127E64005D09F6 /* findAllAncestor.cpp in Sources */ = {isa = PBXBuildFile; fileRef = 29F4C1601D127E64005D09F6 /* findAllAncestor.cpp */; };
		29FC96CC1D26685100E811CA /* knapsack01.cpp in Sources */ = {isa = PBXBuildFile; fileRef = 29FC96CB1D26685100E811CA /* knapsack01.cpp */; };
		F60127601D1692A700D7513F /* Dijkstra.cpp in Sources */ = {isa = PBXBuildFile; fileRef = F601275F1D1692A700D7513F /* Dijkstra.cpp */; };
		F60127631D16B60500D7513F /* fibonacci.cpp in Sources */ = {isa = PBXBuildFile; fileRef = F60127621D16B60500D7513F /* fibonacci.cpp */; };
		F606311F1CEB74DD00F87496 /* hashtable.cpp in Sources */ = {isa = PBXBuildFile; fileRef = F606311D1CEB74B500F87496 /* hashtable.cpp */; };
		F60631231CEB755900F87496 /* linkedlist.cpp in Sources */ = {isa = PBXBuildFile; fileRef = F60631211CEB755900F87496 /* linkedlist.cpp */; };
		F64B1A111D08553E00BDF8F8 /* sort_link_list.cpp in Sources */ = {isa = PBXBuildFile; fileRef = F64B1A0F1D08553E00BDF8F8 /* sort_link_list.cpp */; };
		F64B1A141D0868DC00BDF8F8 /* find_reservekth_linklist.cpp in Sources */ = {isa = PBXBuildFile; fileRef = F64B1A121D0868DC00BDF8F8 /* find_reservekth_linklist.cpp */; };
		F64B1A161D0870D100BDF8F8 /* stack_min.cpp in Sources */ = {isa = PBXBuildFile; fileRef = F64B1A151D0870D100BDF8F8 /* stack_min.cpp */; };
		F6502B8A1D02DC58009AE6DA /* neastPoint.cpp in Sources */ = {isa = PBXBuildFile; fileRef = F6502B881D02DC58009AE6DA /* neastPoint.cpp */; };
		F6502B8D1D02DE8F009AE6DA /* binarySerch.cpp in Sources */ = {isa = PBXBuildFile; fileRef = F6502B8B1D02DE8F009AE6DA /* binarySerch.cpp */; };
		F6502B901D02DF21009AE6DA /* mergeSortAndQuickSort.cpp in Sources */ = {isa = PBXBuildFile; fileRef = F6502B8E1D02DF21009AE6DA /* mergeSortAndQuickSort.cpp */; };
		F6502B931D02DF6A009AE6DA /* bigInteger.cpp in Sources */ = {isa = PBXBuildFile; fileRef = F6502B911D02DF6A009AE6DA /* bigInteger.cpp */; };
		F650CA0B1CE36FFB0036BBA3 /* factorymethod.cpp in Sources */ = {isa = PBXBuildFile; fileRef = F650CA091CE36FFB0036BBA3 /* factorymethod.cpp */; };
		F655A40D1CF0C031006CA54D /* PriorityQueue.cpp in Sources */ = {isa = PBXBuildFile; fileRef = F655A40B1CF0C031006CA54D /* PriorityQueue.cpp */; };
		F65632AA1CDEE0A800E37C1C /* quickSort.cpp in Sources */ = {isa = PBXBuildFile; fileRef = F65632A91CDEE0A800E37C1C /* quickSort.cpp */; };
		F65E77941CFB16A700B2F7AA /* graph.cpp in Sources */ = {isa = PBXBuildFile; fileRef = F65E77921CFB16A700B2F7AA /* graph.cpp */; };
		F66A0F7A1CDE07C900D1BD06 /* heapSort.cpp in Sources */ = {isa = PBXBuildFile; fileRef = F66A0F781CDE07C900D1BD06 /* heapSort.cpp */; };
		F66A0F7C1CDE2E3700D1BD06 /* mergeSort.cpp in Sources */ = {isa = PBXBuildFile; fileRef = F66A0F7B1CDE2E3700D1BD06 /* mergeSort.cpp */; };
		F66D2AB01D14451E00EF59EE /* baseSort.cpp in Sources */ = {isa = PBXBuildFile; fileRef = F66D2AAF1D14451E00EF59EE /* baseSort.cpp */; };
		F66D2AB21D145AFC00EF59EE /* countSort.cpp in Sources */ = {isa = PBXBuildFile; fileRef = F66D2AB11D145AFC00EF59EE /* countSort.cpp */; };
		F66D2AB81D150F0C00EF59EE /* activity.cpp in Sources */ = {isa = PBXBuildFile; fileRef = F66D2AB41D150EE800EF59EE /* activity.cpp */; };
		F66D2AB91D150F0E00EF59EE /* knapsack.cpp in Sources */ = {isa = PBXBuildFile; fileRef = F66D2AB61D150EE800EF59EE /* knapsack.cpp */; };
		F66D2ABC1D1511E400EF59EE /* gcd.cpp in Sources */ = {isa = PBXBuildFile; fileRef = F66D2ABB1D1511E400EF59EE /* gcd.cpp */; };
		F66D2AC11D1539BE00EF59EE /* mst.cpp in Sources */ = {isa = PBXBuildFile; fileRef = F66D2AC01D15355600EF59EE /* mst.cpp */; };
		F67364AA1CECB0F200650688 /* stack.cpp in Sources */ = {isa = PBXBuildFile; fileRef = F67364A81CECB0F200650688 /* stack.cpp */; };
		F676CC221CFC91FB003C471E /* list_reserve.cpp in Sources */ = {isa = PBXBuildFile; fileRef = F676CC201CFC91FB003C471E /* list_reserve.cpp */; };
		F68728131CF1D09100085AFF /* singleton.cpp in Sources */ = {isa = PBXBuildFile; fileRef = F68728111CF1D09100085AFF /* singleton.cpp */; };
		F68728161CF1E2C400085AFF /* command.cpp in Sources */ = {isa = PBXBuildFile; fileRef = F68728141CF1E2C400085AFF /* command.cpp */; };
		F6C19FD61D1044B600380606 /* btree_findLCA.cpp in Sources */ = {isa = PBXBuildFile; fileRef = F6C19FD51D1044B600380606 /* btree_findLCA.cpp */; };
/* End PBXBuildFile section */

/* Begin PBXCopyFilesBuildPhase section */
		2947C32A1CDB3C74002A406D /* CopyFiles */ = {
			isa = PBXCopyFilesBuildPhase;
			buildActionMask = 2147483647;
			dstPath = /usr/share/man/man1/;
			dstSubfolderSpec = 0;
			files = (
			);
			runOnlyForDeploymentPostprocessing = 1;
		};
/* End PBXCopyFilesBuildPhase section */

/* Begin PBXFileReference section */
		290036FE1D0FB7490055B93D /* odd_before_even.cpp */ = {isa = PBXFileReference; fileEncoding = 4; lastKnownFileType = sourcecode.cpp.cpp; name = odd_before_even.cpp; path = acm/odd_before_even.cpp; sourceTree = "<group>"; };
		290037001D0FF0140055B93D /* binary_to_linkedlist.cpp */ = {isa = PBXFileReference; fileEncoding = 4; lastKnownFileType = sourcecode.cpp.cpp; name = binary_to_linkedlist.cpp; path = acm/binary_to_linkedlist.cpp; sourceTree = "<group>"; };
		290209C11CE18945003C622C /* btree.cpp */ = {isa = PBXFileReference; fileEncoding = 4; lastKnownFileType = sourcecode.cpp.cpp; name = btree.cpp; path = btree/btree.cpp; sourceTree = "<group>"; };
		290209C21CE18945003C622C /* btree.h */ = {isa = PBXFileReference; fileEncoding = 4; lastKnownFileType = sourcecode.c.h; name = btree.h; path = btree/btree.h; sourceTree = "<group>"; };
		290209C51CE1C440003C622C /* IDecorator.cpp */ = {isa = PBXFileReference; fileEncoding = 4; lastKnownFileType = sourcecode.cpp.cpp; name = IDecorator.cpp; path = pattern/IDecorator.cpp; sourceTree = "<group>"; };
		290209C71CE1C46C003C622C /* IDecorator.h */ = {isa = PBXFileReference; lastKnownFileType = sourcecode.c.h; name = IDecorator.h; path = pattern/IDecorator.h; sourceTree = "<group>"; };
		2902D7BA1CF6B9EA0055FC9F /* help.cpp */ = {isa = PBXFileReference; fileEncoding = 4; lastKnownFileType = sourcecode.cpp.cpp; name = help.cpp; path = help/help.cpp; sourceTree = "<group>"; };
		2902D7BB1CF6B9EA0055FC9F /* help.h */ = {isa = PBXFileReference; fileEncoding = 4; lastKnownFileType = sourcecode.c.h; name = help.h; path = help/help.h; sourceTree = "<group>"; };
		2947C32C1CDB3C74002A406D /* stl */ = {isa = PBXFileReference; explicitFileType = "compiled.mach-o.executable"; includeInIndex = 0; path = stl; sourceTree = BUILT_PRODUCTS_DIR; };
		2947C32F1CDB3C74002A406D /* main.cpp */ = {isa = PBXFileReference; lastKnownFileType = sourcecode.cpp.cpp; name = main.cpp; path = stl/main.cpp; sourceTree = "<group>"; };
		29E652C01D113B9D00605F2E /* indexBtree.cpp */ = {isa = PBXFileReference; fileEncoding = 4; lastKnownFileType = sourcecode.cpp.cpp; name = indexBtree.cpp; path = acm/indexBtree.cpp; sourceTree = "<group>"; };
		29E652C21D11550B00605F2E /* sortedlist_to_bst.cpp */ = {isa = PBXFileReference; fileEncoding = 4; lastKnownFileType = sourcecode.cpp.cpp; name = sortedlist_to_bst.cpp; path = acm/sortedlist_to_bst.cpp; sourceTree = "<group>"; };
		29EF1CDB1CF2B46E004FCB2E /* kmp.cpp */ = {isa = PBXFileReference; lastKnownFileType = sourcecode.cpp.cpp; path = kmp.cpp; sourceTree = "<group>"; };
		29EF1CDC1CF2B46E004FCB2E /* kmp.h */ = {isa = PBXFileReference; lastKnownFileType = sourcecode.c.h; path = kmp.h; sourceTree = "<group>"; };
		29EF1CDE1CF2B494004FCB2E /* huffman.cpp */ = {isa = PBXFileReference; lastKnownFileType = sourcecode.cpp.cpp; path = huffman.cpp; sourceTree = "<group>"; };
		29EF1CDF1CF2B494004FCB2E /* huffman.h */ = {isa = PBXFileReference; lastKnownFileType = sourcecode.c.h; path = huffman.h; sourceTree = "<group>"; };
		29EF70711D138D6A00CC0C02 /* infixToPostfix.cpp */ = {isa = PBXFileReference; fileEncoding = 4; lastKnownFileType = sourcecode.cpp.cpp; name = infixToPostfix.cpp; path = acm/btree/infixToPostfix.cpp; sourceTree = "<group>"; };
		29EF70731D13ABCF00CC0C02 /* binarySearch.cpp */ = {isa = PBXFileReference; fileEncoding = 4; lastKnownFileType = sourcecode.cpp.cpp; name = binarySearch.cpp; path = acm/search/binarySearch.cpp; sourceTree = SOURCE_ROOT; };
		29F132EF1CDC2AAB006428E2 /* intersectionSort.cpp */ = {isa = PBXFileReference; fileEncoding = 4; lastKnownFileType = sourcecode.cpp.cpp; name = intersectionSort.cpp; path = sort/intersectionSort.cpp; sourceTree = "<group>"; };
		29F132F01CDC2AAB006428E2 /* sort.h */ = {isa = PBXFileReference; fileEncoding = 4; lastKnownFileType = sourcecode.c.h; name = sort.h; path = sort/sort.h; sourceTree = "<group>"; };
		29F132F21CDC338B006428E2 /* shellSort.cpp */ = {isa = PBXFileReference; fileEncoding = 4; lastKnownFileType = sourcecode.cpp.cpp; name = shellSort.cpp; path = sort/shellSort.cpp; sourceTree = "<group>"; };
		29F132F51CDC6AD6006428E2 /* testPass.cpp */ = {isa = PBXFileReference; fileEncoding = 4; lastKnownFileType = sourcecode.cpp.cpp; name = testPass.cpp; path = password/testPass.cpp; sourceTree = "<group>"; };
		29F132F61CDC6AD6006428E2 /* testPass.h */ = {isa = PBXFileReference; fileEncoding = 4; lastKnownFileType = sourcecode.c.h; name = testPass.h; path = password/testPass.h; sourceTree = "<group>"; };
		29F132F81CDC7833006428E2 /* Encryption.cpp */ = {isa = PBXFileReference; fileEncoding = 4; lastKnownFileType = sourcecode.cpp.cpp; name = Encryption.cpp; path = password/Encryption.cpp; sourceTree = "<group>"; };
		29F132F91CDC7833006428E2 /* Encryption.h */ = {isa = PBXFileReference; fileEncoding = 4; lastKnownFileType = sourcecode.c.h; name = Encryption.h; path = password/Encryption.h; sourceTree = "<group>"; };
		29F132FC1CDC8489006428E2 /* observer.cpp */ = {isa = PBXFileReference; fileEncoding = 4; lastKnownFileType = sourcecode.cpp.cpp; name = observer.cpp; path = pattern/observer.cpp; sourceTree = "<group>"; };
		29F132FD1CDC8489006428E2 /* pattern.h */ = {isa = PBXFileReference; fileEncoding = 4; lastKnownFileType = sourcecode.c.h; name = pattern.h; path = pattern/pattern.h; sourceTree = "<group>"; };
		29F4C15E1D1243E8005D09F6 /* norecursion_visit.cpp */ = {isa = PBXFileReference; fileEncoding = 4; lastKnownFileType = sourcecode.cpp.cpp; name = norecursion_visit.cpp; path = acm/btree/norecursion_visit.cpp; sourceTree = "<group>"; };
		29F4C1601D127E64005D09F6 /* findAllAncestor.cpp */ = {isa = PBXFileReference; fileEncoding = 4; lastKnownFileType = sourcecode.cpp.cpp; name = findAllAncestor.cpp; path = acm/btree/findAllAncestor.cpp; sourceTree = "<group>"; };
		29FC96CB1D26685100E811CA /* knapsack01.cpp */ = {isa = PBXFileReference; fileEncoding = 4; lastKnownFileType = sourcecode.cpp.cpp; name = knapsack01.cpp; path = acm/dynamic/knapsack01.cpp; sourceTree = "<group>"; };
		F601275F1D1692A700D7513F /* Dijkstra.cpp */ = {isa = PBXFileReference; fileEncoding = 4; lastKnownFileType = sourcecode.cpp.cpp; path = Dijkstra.cpp; sourceTree = "<group>"; };
		F60127621D16B60500D7513F /* fibonacci.cpp */ = {isa = PBXFileReference; fileEncoding = 4; lastKnownFileType = sourcecode.cpp.cpp; name = fibonacci.cpp; path = acm/dynamic/fibonacci.cpp; sourceTree = "<group>"; };
		F606311D1CEB74B500F87496 /* hashtable.cpp */ = {isa = PBXFileReference; lastKnownFileType = sourcecode.cpp.cpp; path = hashtable.cpp; sourceTree = "<group>"; };
		F606311E1CEB74B500F87496 /* hashtable.h */ = {isa = PBXFileReference; lastKnownFileType = sourcecode.c.h; path = hashtable.h; sourceTree = "<group>"; };
		F60631211CEB755900F87496 /* linkedlist.cpp */ = {isa = PBXFileReference; fileEncoding = 4; lastKnownFileType = sourcecode.cpp.cpp; name = linkedlist.cpp; path = linkedlist/linkedlist.cpp; sourceTree = "<group>"; };
		F60631221CEB755900F87496 /* linkedlist.h */ = {isa = PBXFileReference; fileEncoding = 4; lastKnownFileType = sourcecode.c.h; name = linkedlist.h; path = linkedlist/linkedlist.h; sourceTree = "<group>"; };
		F64B1A0F1D08553E00BDF8F8 /* sort_link_list.cpp */ = {isa = PBXFileReference; fileEncoding = 4; lastKnownFileType = sourcecode.cpp.cpp; name = sort_link_list.cpp; path = acm/sort_link_list.cpp; sourceTree = "<group>"; };
		F64B1A121D0868DC00BDF8F8 /* find_reservekth_linklist.cpp */ = {isa = PBXFileReference; fileEncoding = 4; lastKnownFileType = sourcecode.cpp.cpp; name = find_reservekth_linklist.cpp; path = acm/find_reservekth_linklist.cpp; sourceTree = "<group>"; };
		F64B1A151D0870D100BDF8F8 /* stack_min.cpp */ = {isa = PBXFileReference; fileEncoding = 4; lastKnownFileType = sourcecode.cpp.cpp; name = stack_min.cpp; path = acm/stack_min.cpp; sourceTree = "<group>"; };
		F6502B881D02DC58009AE6DA /* neastPoint.cpp */ = {isa = PBXFileReference; fileEncoding = 4; lastKnownFileType = sourcecode.cpp.cpp; name = neastPoint.cpp; path = divideandconquer/neastPoint.cpp; sourceTree = "<group>"; };
		F6502B891D02DC58009AE6DA /* neastPoint.h */ = {isa = PBXFileReference; fileEncoding = 4; lastKnownFileType = sourcecode.c.h; name = neastPoint.h; path = divideandconquer/neastPoint.h; sourceTree = "<group>"; };
		F6502B8B1D02DE8F009AE6DA /* binarySerch.cpp */ = {isa = PBXFileReference; fileEncoding = 4; lastKnownFileType = sourcecode.cpp.cpp; name = binarySerch.cpp; path = divideandconquer/binarySerch.cpp; sourceTree = "<group>"; };
		F6502B8C1D02DE8F009AE6DA /* binarySerch.h */ = {isa = PBXFileReference; fileEncoding = 4; lastKnownFileType = sourcecode.c.h; name = binarySerch.h; path = divideandconquer/binarySerch.h; sourceTree = "<group>"; };
		F6502B8E1D02DF21009AE6DA /* mergeSortAndQuickSort.cpp */ = {isa = PBXFileReference; fileEncoding = 4; lastKnownFileType = sourcecode.cpp.cpp; name = mergeSortAndQuickSort.cpp; path = divideandconquer/mergeSortAndQuickSort.cpp; sourceTree = "<group>"; };
		F6502B8F1D02DF21009AE6DA /* mergeSortAndQuickSort.h */ = {isa = PBXFileReference; fileEncoding = 4; lastKnownFileType = sourcecode.c.h; name = mergeSortAndQuickSort.h; path = divideandconquer/mergeSortAndQuickSort.h; sourceTree = "<group>"; };
		F6502B911D02DF6A009AE6DA /* bigInteger.cpp */ = {isa = PBXFileReference; fileEncoding = 4; lastKnownFileType = sourcecode.cpp.cpp; name = bigInteger.cpp; path = divideandconquer/bigInteger.cpp; sourceTree = "<group>"; };
		F6502B921D02DF6A009AE6DA /* bigInteger.h */ = {isa = PBXFileReference; fileEncoding = 4; lastKnownFileType = sourcecode.c.h; name = bigInteger.h; path = divideandconquer/bigInteger.h; sourceTree = "<group>"; };
		F650CA091CE36FFB0036BBA3 /* factorymethod.cpp */ = {isa = PBXFileReference; fileEncoding = 4; lastKnownFileType = sourcecode.cpp.cpp; name = factorymethod.cpp; path = password/factorymethod.cpp; sourceTree = "<group>"; };
		F650CA0A1CE36FFB0036BBA3 /* factorymethod.h */ = {isa = PBXFileReference; fileEncoding = 4; lastKnownFileType = sourcecode.c.h; name = factorymethod.h; path = password/factorymethod.h; sourceTree = "<group>"; };
		F655A40B1CF0C031006CA54D /* PriorityQueue.cpp */ = {isa = PBXFileReference; fileEncoding = 4; lastKnownFileType = sourcecode.cpp.cpp; name = PriorityQueue.cpp; path = priorityqueue/PriorityQueue.cpp; sourceTree = "<group>"; };
		F655A40C1CF0C031006CA54D /* PriorityQueue.h */ = {isa = PBXFileReference; fileEncoding = 4; lastKnownFileType = sourcecode.c.h; name = PriorityQueue.h; path = priorityqueue/PriorityQueue.h; sourceTree = "<group>"; };
		F65632A91CDEE0A800E37C1C /* quickSort.cpp */ = {isa = PBXFileReference; fileEncoding = 4; lastKnownFileType = sourcecode.cpp.cpp; name = quickSort.cpp; path = sort/quickSort.cpp; sourceTree = "<group>"; };
		F65E77921CFB16A700B2F7AA /* graph.cpp */ = {isa = PBXFileReference; fileEncoding = 4; lastKnownFileType = sourcecode.cpp.cpp; name = graph.cpp; path = graph/graph.cpp; sourceTree = "<group>"; };
		F65E77931CFB16A700B2F7AA /* graph.h */ = {isa = PBXFileReference; fileEncoding = 4; lastKnownFileType = sourcecode.c.h; name = graph.h; path = graph/graph.h; sourceTree = "<group>"; };
		F66A0F781CDE07C900D1BD06 /* heapSort.cpp */ = {isa = PBXFileReference; fileEncoding = 4; lastKnownFileType = sourcecode.cpp.cpp; name = heapSort.cpp; path = sort/heapSort.cpp; sourceTree = "<group>"; };
		F66A0F7B1CDE2E3700D1BD06 /* mergeSort.cpp */ = {isa = PBXFileReference; fileEncoding = 4; lastKnownFileType = sourcecode.cpp.cpp; name = mergeSort.cpp; path = sort/mergeSort.cpp; sourceTree = "<group>"; };
		F66D2AAF1D14451E00EF59EE /* baseSort.cpp */ = {isa = PBXFileReference; fileEncoding = 4; lastKnownFileType = sourcecode.cpp.cpp; name = baseSort.cpp; path = acm/sort/baseSort.cpp; sourceTree = "<group>"; };
		F66D2AB11D145AFC00EF59EE /* countSort.cpp */ = {isa = PBXFileReference; fileEncoding = 4; lastKnownFileType = sourcecode.cpp.cpp; name = countSort.cpp; path = acm/sort/countSort.cpp; sourceTree = "<group>"; };
		F66D2AB41D150EE800EF59EE /* activity.cpp */ = {isa = PBXFileReference; lastKnownFileType = sourcecode.cpp.cpp; path = activity.cpp; sourceTree = "<group>"; };
		F66D2AB51D150EE800EF59EE /* activity.h */ = {isa = PBXFileReference; lastKnownFileType = sourcecode.c.h; path = activity.h; sourceTree = "<group>"; };
		F66D2AB61D150EE800EF59EE /* knapsack.cpp */ = {isa = PBXFileReference; lastKnownFileType = sourcecode.cpp.cpp; path = knapsack.cpp; sourceTree = "<group>"; };
		F66D2AB71D150EE800EF59EE /* knapsack.h */ = {isa = PBXFileReference; lastKnownFileType = sourcecode.c.h; path = knapsack.h; sourceTree = "<group>"; };
		F66D2ABB1D1511E400EF59EE /* gcd.cpp */ = {isa = PBXFileReference; fileEncoding = 4; lastKnownFileType = sourcecode.cpp.cpp; name = gcd.cpp; path = acm/math/gcd.cpp; sourceTree = "<group>"; };
		F66D2AC01D15355600EF59EE /* mst.cpp */ = {isa = PBXFileReference; lastKnownFileType = sourcecode.cpp.cpp; path = mst.cpp; sourceTree = "<group>"; };
		F67364A81CECB0F200650688 /* stack.cpp */ = {isa = PBXFileReference; fileEncoding = 4; lastKnownFileType = sourcecode.cpp.cpp; name = stack.cpp; path = stack/stack.cpp; sourceTree = "<group>"; };
		F67364A91CECB0F200650688 /* stack.h */ = {isa = PBXFileReference; fileEncoding = 4; lastKnownFileType = sourcecode.c.h; name = stack.h; path = stack/stack.h; sourceTree = "<group>"; };
		F67364AD1CECB63700650688 /* macro.h */ = {isa = PBXFileReference; lastKnownFileType = sourcecode.c.h; path = macro.h; sourceTree = "<group>"; };
		F676CC201CFC91FB003C471E /* list_reserve.cpp */ = {isa = PBXFileReference; fileEncoding = 4; lastKnownFileType = sourcecode.cpp.cpp; name = list_reserve.cpp; path = acm/list_reserve.cpp; sourceTree = "<group>"; };
		F676CC211CFC91FB003C471E /* list_reserve.h */ = {isa = PBXFileReference; fileEncoding = 4; lastKnownFileType = sourcecode.c.h; name = list_reserve.h; path = acm/list_reserve.h; sourceTree = "<group>"; };
		F68728111CF1D09100085AFF /* singleton.cpp */ = {isa = PBXFileReference; fileEncoding = 4; lastKnownFileType = sourcecode.cpp.cpp; name = singleton.cpp; path = pattern/singleton.cpp; sourceTree = "<group>"; };
		F68728121CF1D09100085AFF /* singleton.h */ = {isa = PBXFileReference; fileEncoding = 4; lastKnownFileType = sourcecode.c.h; name = singleton.h; path = pattern/singleton.h; sourceTree = "<group>"; };
		F68728141CF1E2C400085AFF /* command.cpp */ = {isa = PBXFileReference; fileEncoding = 4; lastKnownFileType = sourcecode.cpp.cpp; name = command.cpp; path = pattern/command.cpp; sourceTree = "<group>"; };
		F68728151CF1E2C400085AFF /* command.h */ = {isa = PBXFileReference; fileEncoding = 4; lastKnownFileType = sourcecode.c.h; name = command.h; path = pattern/command.h; sourceTree = "<group>"; };
		F6C19FD51D1044B600380606 /* btree_findLCA.cpp */ = {isa = PBXFileReference; fileEncoding = 4; lastKnownFileType = sourcecode.cpp.cpp; name = btree_findLCA.cpp; path = acm/btree_findLCA.cpp; sourceTree = "<group>"; };
/* End PBXFileReference section */

/* Begin PBXFrameworksBuildPhase section */
		2947C3291CDB3C74002A406D /* Frameworks */ = {
			isa = PBXFrameworksBuildPhase;
			buildActionMask = 2147483647;
			files = (
			);
			runOnlyForDeploymentPostprocessing = 0;
		};
/* End PBXFrameworksBuildPhase section */

/* Begin PBXGroup section */
		290209C01CE18920003C622C /* btree */ = {
			isa = PBXGroup;
			children = (
				290209C11CE18945003C622C /* btree.cpp */,
				290209C21CE18945003C622C /* btree.h */,
			);
			name = btree;
			sourceTree = "<group>";
		};
		2902D7B91CF6B9B40055FC9F /* help */ = {
			isa = PBXGroup;
			children = (
				2902D7BA1CF6B9EA0055FC9F /* help.cpp */,
				2902D7BB1CF6B9EA0055FC9F /* help.h */,
			);
			name = help;
			sourceTree = "<group>";
		};
		2947C3231CDB3C74002A406D = {
			isa = PBXGroup;
			children = (
				F6502B961D02E0DF009AE6DA /* generic */,
				F676CC1F1CFC91C7003C471E /* acm */,
				2947C32F1CDB3C74002A406D /* main.cpp */,
				2947C32E1CDB3C74002A406D /* stl */,
				2947C32D1CDB3C74002A406D /* Products */,
			);
			sourceTree = "<group>";
		};
		2947C32D1CDB3C74002A406D /* Products */ = {
			isa = PBXGroup;
			children = (
				2947C32C1CDB3C74002A406D /* stl */,
			);
			name = Products;
			sourceTree = "<group>";
		};
		2947C32E1CDB3C74002A406D /* stl */ = {
			isa = PBXGroup;
			children = (
				F6502B951D02E060009AE6DA /* iterator */,
				F694C8521D007B3200B039A2 /* divide_and_conquer */,
				F65E77911CFB161200B2F7AA /* graph */,
				2902D7B91CF6B9B40055FC9F /* help */,
				29EF1CDD1CF2B494004FCB2E /* huffman */,
				29EF1CD71CF2B46E004FCB2E /* kmp */,
				F655A40A1CF0BFCD006CA54D /* priorityqueue */,
				F67364AC1CECB61700650688 /* macro */,
				F67364A71CECB0DF00650688 /* stack */,
				F60631201CEB750A00F87496 /* linkedtable */,
				F606311C1CEB74B500F87496 /* hashtable */,
				290209C01CE18920003C622C /* btree */,
				29F132FB1CDC8459006428E2 /* pattern */,
				29F132F41CDC6A9C006428E2 /* password */,
				29F132EE1CDC2926006428E2 /* sort */,
			);
			path = stl;
			sourceTree = "<group>";
		};
		29EF1CD71CF2B46E004FCB2E /* kmp */ = {
			isa = PBXGroup;
			children = (
				29EF1CDB1CF2B46E004FCB2E /* kmp.cpp */,
				29EF1CDC1CF2B46E004FCB2E /* kmp.h */,
			);
			path = kmp;
			sourceTree = "<group>";
		};
		29EF1CDD1CF2B494004FCB2E /* huffman */ = {
			isa = PBXGroup;
			children = (
				29EF1CDE1CF2B494004FCB2E /* huffman.cpp */,
				29EF1CDF1CF2B494004FCB2E /* huffman.h */,
			);
			path = huffman;
			sourceTree = "<group>";
		};
		29F132EE1CDC2926006428E2 /* sort */ = {
			isa = PBXGroup;
			children = (
				29F132F01CDC2AAB006428E2 /* sort.h */,
				29F132EF1CDC2AAB006428E2 /* intersectionSort.cpp */,
				29F132F21CDC338B006428E2 /* shellSort.cpp */,
				F66A0F781CDE07C900D1BD06 /* heapSort.cpp */,
				F66A0F7B1CDE2E3700D1BD06 /* mergeSort.cpp */,
				F65632A91CDEE0A800E37C1C /* quickSort.cpp */,
			);
			name = sort;
			sourceTree = "<group>";
		};
		29F132F41CDC6A9C006428E2 /* password */ = {
			isa = PBXGroup;
			children = (
				29F132F51CDC6AD6006428E2 /* testPass.cpp */,
				29F132F61CDC6AD6006428E2 /* testPass.h */,
				29F132F81CDC7833006428E2 /* Encryption.cpp */,
				29F132F91CDC7833006428E2 /* Encryption.h */,
			);
			name = password;
			sourceTree = "<group>";
		};
		29F132FB1CDC8459006428E2 /* pattern */ = {
			isa = PBXGroup;
			children = (
				29F132FC1CDC8489006428E2 /* observer.cpp */,
				29F132FD1CDC8489006428E2 /* pattern.h */,
				290209C51CE1C440003C622C /* IDecorator.cpp */,
				290209C71CE1C46C003C622C /* IDecorator.h */,
				F650CA091CE36FFB0036BBA3 /* factorymethod.cpp */,
				F650CA0A1CE36FFB0036BBA3 /* factorymethod.h */,
				F68728111CF1D09100085AFF /* singleton.cpp */,
				F68728121CF1D09100085AFF /* singleton.h */,
				F68728141CF1E2C400085AFF /* command.cpp */,
				F68728151CF1E2C400085AFF /* command.h */,
			);
			name = pattern;
			sourceTree = "<group>";
		};
		29F4C15D1D12431C005D09F6 /* btree */ = {
			isa = PBXGroup;
			children = (
				29F4C15E1D1243E8005D09F6 /* norecursion_visit.cpp */,
				29F4C1601D127E64005D09F6 /* findAllAncestor.cpp */,
				29EF70711D138D6A00CC0C02 /* infixToPostfix.cpp */,
			);
			name = btree;
			sourceTree = "<group>";
		};
		F60127611D16B59900D7513F /* dynamic */ = {
			isa = PBXGroup;
			children = (
				F60127621D16B60500D7513F /* fibonacci.cpp */,
				29FC96CB1D26685100E811CA /* knapsack01.cpp */,
			);
			name = dynamic;
			sourceTree = "<group>";
		};
		F606311C1CEB74B500F87496 /* hashtable */ = {
			isa = PBXGroup;
			children = (
				F606311D1CEB74B500F87496 /* hashtable.cpp */,
				F606311E1CEB74B500F87496 /* hashtable.h */,
			);
			path = hashtable;
			sourceTree = "<group>";
		};
		F60631201CEB750A00F87496 /* linkedtable */ = {
			isa = PBXGroup;
			children = (
				F60631211CEB755900F87496 /* linkedlist.cpp */,
				F60631221CEB755900F87496 /* linkedlist.h */,
			);
			name = linkedtable;
			sourceTree = "<group>";
		};
		F6502B941D02E039009AE6DA /* search */ = {
			isa = PBXGroup;
			children = (
				29EF70731D13ABCF00CC0C02 /* binarySearch.cpp */,
			);
			name = search;
			path = stl;
			sourceTree = "<group>";
		};
		F6502B951D02E060009AE6DA /* iterator */ = {
			isa = PBXGroup;
			children = (
			);
			name = iterator;
			sourceTree = "<group>";
		};
		F6502B961D02E0DF009AE6DA /* generic */ = {
			isa = PBXGroup;
			children = (
			);
			name = generic;
			sourceTree = "<group>";
		};
		F655A40A1CF0BFCD006CA54D /* priorityqueue */ = {
			isa = PBXGroup;
			children = (
				F655A40B1CF0C031006CA54D /* PriorityQueue.cpp */,
				F655A40C1CF0C031006CA54D /* PriorityQueue.h */,
			);
			name = priorityqueue;
			sourceTree = "<group>";
		};
		F65E77911CFB161200B2F7AA /* graph */ = {
			isa = PBXGroup;
			children = (
				F65E77921CFB16A700B2F7AA /* graph.cpp */,
				F65E77931CFB16A700B2F7AA /* graph.h */,
			);
			name = graph;
			sourceTree = "<group>";
		};
		F66D2AAE1D1444FA00EF59EE /* sort */ = {
			isa = PBXGroup;
			children = (
				F66D2AAF1D14451E00EF59EE /* baseSort.cpp */,
				F66D2AB11D145AFC00EF59EE /* countSort.cpp */,
			);
			name = sort;
			sourceTree = "<group>";
		};
		F66D2AB31D150EE800EF59EE /* greedy */ = {
			isa = PBXGroup;
			children = (
				F66D2AB41D150EE800EF59EE /* activity.cpp */,
				F66D2AB51D150EE800EF59EE /* activity.h */,
				F66D2AB61D150EE800EF59EE /* knapsack.cpp */,
				F66D2AB71D150EE800EF59EE /* knapsack.h */,
			);
			name = greedy;
			path = acm/greedy;
			sourceTree = "<group>";
		};
		F66D2ABA1D1511CB00EF59EE /* math */ = {
			isa = PBXGroup;
			children = (
				F66D2ABB1D1511E400EF59EE /* gcd.cpp */,
			);
			name = math;
			sourceTree = "<group>";
		};
		F66D2ABF1D15355600EF59EE /* graph */ = {
			isa = PBXGroup;
			children = (
				F66D2AC01D15355600EF59EE /* mst.cpp */,
				F601275F1D1692A700D7513F /* Dijkstra.cpp */,
			);
			name = graph;
			path = acm/graph;
			sourceTree = "<group>";
		};
		F67364A71CECB0DF00650688 /* stack */ = {
			isa = PBXGroup;
			children = (
				F67364A81CECB0F200650688 /* stack.cpp */,
				F67364A91CECB0F200650688 /* stack.h */,
			);
			name = stack;
			sourceTree = "<group>";
		};
		F67364AC1CECB61700650688 /* macro */ = {
			isa = PBXGroup;
			children = (
				F67364AD1CECB63700650688 /* macro.h */,
			);
			name = macro;
			sourceTree = "<group>";
		};
		F676CC1F1CFC91C7003C471E /* acm */ = {
			isa = PBXGroup;
			children = (
				F60127611D16B59900D7513F /* dynamic */,
				F66D2ABF1D15355600EF59EE /* graph */,
				F66D2ABA1D1511CB00EF59EE /* math */,
				F66D2AB31D150EE800EF59EE /* greedy */,
				F66D2AAE1D1444FA00EF59EE /* sort */,
				F6502B941D02E039009AE6DA /* search */,
				29F4C15D1D12431C005D09F6 /* btree */,
				F676CC201CFC91FB003C471E /* list_reserve.cpp */,
				F676CC211CFC91FB003C471E /* list_reserve.h */,
				F64B1A0F1D08553E00BDF8F8 /* sort_link_list.cpp */,
				F64B1A121D0868DC00BDF8F8 /* find_reservekth_linklist.cpp */,
				F64B1A151D0870D100BDF8F8 /* stack_min.cpp */,
				290036FE1D0FB7490055B93D /* odd_before_even.cpp */,
				290037001D0FF0140055B93D /* binary_to_linkedlist.cpp */,
				F6C19FD51D1044B600380606 /* btree_findLCA.cpp */,
				29E652C01D113B9D00605F2E /* indexBtree.cpp */,
				29E652C21D11550B00605F2E /* sortedlist_to_bst.cpp */,
			);
			name = acm;
			sourceTree = "<group>";
		};
		F694C8521D007B3200B039A2 /* divide_and_conquer */ = {
			isa = PBXGroup;
			children = (
				F6502B881D02DC58009AE6DA /* neastPoint.cpp */,
				F6502B891D02DC58009AE6DA /* neastPoint.h */,
				F6502B8B1D02DE8F009AE6DA /* binarySerch.cpp */,
				F6502B8C1D02DE8F009AE6DA /* binarySerch.h */,
				F6502B8E1D02DF21009AE6DA /* mergeSortAndQuickSort.cpp */,
				F6502B8F1D02DF21009AE6DA /* mergeSortAndQuickSort.h */,
				F6502B911D02DF6A009AE6DA /* bigInteger.cpp */,
				F6502B921D02DF6A009AE6DA /* bigInteger.h */,
			);
			name = divide_and_conquer;
			sourceTree = "<group>";
		};
/* End PBXGroup section */

/* Begin PBXNativeTarget section */
		2947C32B1CDB3C74002A406D /* stl */ = {
			isa = PBXNativeTarget;
			buildConfigurationList = 2947C3331CDB3C74002A406D /* Build configuration list for PBXNativeTarget "stl" */;
			buildPhases = (
				2947C3281CDB3C74002A406D /* Sources */,
				2947C3291CDB3C74002A406D /* Frameworks */,
				2947C32A1CDB3C74002A406D /* CopyFiles */,
			);
			buildRules = (
			);
			dependencies = (
			);
			name = stl;
			productName = stl;
			productReference = 2947C32C1CDB3C74002A406D /* stl */;
			productType = "com.apple.product-type.tool";
		};
/* End PBXNativeTarget section */

/* Begin PBXProject section */
		2947C3241CDB3C74002A406D /* Project object */ = {
			isa = PBXProject;
			attributes = {
				LastUpgradeCheck = 0710;
				ORGANIZATIONNAME = "鲁飞";
				TargetAttributes = {
					2947C32B1CDB3C74002A406D = {
						CreatedOnToolsVersion = 7.1.1;
					};
				};
			};
			buildConfigurationList = 2947C3271CDB3C74002A406D /* Build configuration list for PBXProject "stl" */;
			compatibilityVersion = "Xcode 3.2";
			developmentRegion = English;
			hasScannedForEncodings = 0;
			knownRegions = (
				en,
			);
			mainGroup = 2947C3231CDB3C74002A406D;
			productRefGroup = 2947C32D1CDB3C74002A406D /* Products */;
			projectDirPath = "";
			projectRoot = "";
			targets = (
				2947C32B1CDB3C74002A406D /* stl */,
			);
		};
/* End PBXProject section */

/* Begin PBXSourcesBuildPhase section */
		2947C3281CDB3C74002A406D /* Sources */ = {
			isa = PBXSourcesBuildPhase;
			buildActionMask = 2147483647;
			files = (
				F66D2AC11D1539BE00EF59EE /* mst.cpp in Sources */,
				29E652C31D11550B00605F2E /* sortedlist_to_bst.cpp in Sources */,
				F606311F1CEB74DD00F87496 /* hashtable.cpp in Sources */,
				F66D2AB81D150F0C00EF59EE /* activity.cpp in Sources */,
				29F132FA1CDC7833006428E2 /* Encryption.cpp in Sources */,
				F66D2AB91D150F0E00EF59EE /* knapsack.cpp in Sources */,
				290037011D0FF0140055B93D /* binary_to_linkedlist.cpp in Sources */,
				F6502B931D02DF6A009AE6DA /* bigInteger.cpp in Sources */,
				F6502B8A1D02DC58009AE6DA /* neastPoint.cpp in Sources */,
				2902D7BC1CF6B9EA0055FC9F /* help.cpp in Sources */,
				F64B1A161D0870D100BDF8F8 /* stack_min.cpp in Sources */,
				F60631231CEB755900F87496 /* linkedlist.cpp in Sources */,
				F68728161CF1E2C400085AFF /* command.cpp in Sources */,
				29E652C11D113B9E00605F2E /* indexBtree.cpp in Sources */,
				F64B1A111D08553E00BDF8F8 /* sort_link_list.cpp in Sources */,
				F66A0F7A1CDE07C900D1BD06 /* heapSort.cpp in Sources */,
				29FC96CC1D26685100E811CA /* knapsack01.cpp in Sources */,
				F65632AA1CDEE0A800E37C1C /* quickSort.cpp in Sources */,
				F60127601D1692A700D7513F /* Dijkstra.cpp in Sources */,
				29EF70741D13ABCF00CC0C02 /* binarySearch.cpp in Sources */,
				F6C19FD61D1044B600380606 /* btree_findLCA.cpp in Sources */,
				29F132F71CDC6AD6006428E2 /* testPass.cpp in Sources */,
				F64B1A141D0868DC00BDF8F8 /* find_reservekth_linklist.cpp in Sources */,
				29F132FE1CDC8489006428E2 /* observer.cpp in Sources */,
				F60127631D16B60500D7513F /* fibonacci.cpp in Sources */,
				29F132F11CDC2AAB006428E2 /* intersectionSort.cpp in Sources */,
				F676CC221CFC91FB003C471E /* list_reserve.cpp in Sources */,
				2947C3301CDB3C74002A406D /* main.cpp in Sources */,
				F655A40D1CF0C031006CA54D /* PriorityQueue.cpp in Sources */,
				29F4C1611D127E64005D09F6 /* findAllAncestor.cpp in Sources */,
				F650CA0B1CE36FFB0036BBA3 /* factorymethod.cpp in Sources */,
				290209C31CE18945003C622C /* btree.cpp in Sources */,
				29EF70721D138D6A00CC0C02 /* infixToPostfix.cpp in Sources */,
				F6502B901D02DF21009AE6DA /* mergeSortAndQuickSort.cpp in Sources */,
				F66D2AB21D145AFC00EF59EE /* countSort.cpp in Sources */,
				F6502B8D1D02DE8F009AE6DA /* binarySerch.cpp in Sources */,
				F66A0F7C1CDE2E3700D1BD06 /* mergeSort.cpp in Sources */,
				F66D2AB01D14451E00EF59EE /* baseSort.cpp in Sources */,
				290036FF1D0FB7490055B93D /* odd_before_even.cpp in Sources */,
				290209C61CE1C440003C622C /* IDecorator.cpp in Sources */,
				F66D2ABC1D1511E400EF59EE /* gcd.cpp in Sources */,
				29F4C15F1D1243E8005D09F6 /* norecursion_visit.cpp in Sources */,
				F67364AA1CECB0F200650688 /* stack.cpp in Sources */,
				F68728131CF1D09100085AFF /* singleton.cpp in Sources */,
				F65E77941CFB16A700B2F7AA /* graph.cpp in Sources */,
				29F132F31CDC338B006428E2 /* shellSort.cpp in Sources */,
			);
			runOnlyForDeploymentPostprocessing = 0;
		};
/* End PBXSourcesBuildPhase section */

/* Begin XCBuildConfiguration section */
		2947C3311CDB3C74002A406D /* Debug */ = {
			isa = XCBuildConfiguration;
			buildSettings = {
				ALWAYS_SEARCH_USER_PATHS = NO;
				CLANG_CXX_LANGUAGE_STANDARD = "gnu++0x";
				CLANG_CXX_LIBRARY = "libc++";
				CLANG_ENABLE_MODULES = YES;
				CLANG_ENABLE_OBJC_ARC = YES;
				CLANG_WARN_BOOL_CONVERSION = YES;
				CLANG_WARN_CONSTANT_CONVERSION = YES;
				CLANG_WARN_DIRECT_OBJC_ISA_USAGE = YES_ERROR;
				CLANG_WARN_EMPTY_BODY = YES;
				CLANG_WARN_ENUM_CONVERSION = YES;
				CLANG_WARN_INT_CONVERSION = YES;
				CLANG_WARN_OBJC_ROOT_CLASS = YES_ERROR;
				CLANG_WARN_UNREACHABLE_CODE = YES;
				CLANG_WARN__DUPLICATE_METHOD_MATCH = YES;
				CODE_SIGN_IDENTITY = "-";
				COPY_PHASE_STRIP = NO;
				DEBUG_INFORMATION_FORMAT = dwarf;
				ENABLE_STRICT_OBJC_MSGSEND = YES;
				ENABLE_TESTABILITY = YES;
				GCC_C_LANGUAGE_STANDARD = gnu99;
				GCC_DYNAMIC_NO_PIC = NO;
				GCC_NO_COMMON_BLOCKS = YES;
				GCC_OPTIMIZATION_LEVEL = 0;
				GCC_PREPROCESSOR_DEFINITIONS = (
					"DEBUG=1",
					"$(inherited)",
				);
				GCC_WARN_64_TO_32_BIT_CONVERSION = YES;
				GCC_WARN_ABOUT_RETURN_TYPE = YES_ERROR;
				GCC_WARN_UNDECLARED_SELECTOR = YES;
				GCC_WARN_UNINITIALIZED_AUTOS = YES_AGGRESSIVE;
				GCC_WARN_UNUSED_FUNCTION = YES;
				GCC_WARN_UNUSED_VARIABLE = YES;
				MACOSX_DEPLOYMENT_TARGET = 10.10;
				MTL_ENABLE_DEBUG_INFO = YES;
				ONLY_ACTIVE_ARCH = YES;
				SDKROOT = macosx;
			};
			name = Debug;
		};
		2947C3321CDB3C74002A406D /* Release */ = {
			isa = XCBuildConfiguration;
			buildSettings = {
				ALWAYS_SEARCH_USER_PATHS = NO;
				CLANG_CXX_LANGUAGE_STANDARD = "gnu++0x";
				CLANG_CXX_LIBRARY = "libc++";
				CLANG_ENABLE_MODULES = YES;
				CLANG_ENABLE_OBJC_ARC = YES;
				CLANG_WARN_BOOL_CONVERSION = YES;
				CLANG_WARN_CONSTANT_CONVERSION = YES;
				CLANG_WARN_DIRECT_OBJC_ISA_USAGE = YES_ERROR;
				CLANG_WARN_EMPTY_BODY = YES;
				CLANG_WARN_ENUM_CONVERSION = YES;
				CLANG_WARN_INT_CONVERSION = YES;
				CLANG_WARN_OBJC_ROOT_CLASS = YES_ERROR;
				CLANG_WARN_UNREACHABLE_CODE = YES;
				CLANG_WARN__DUPLICATE_METHOD_MATCH = YES;
				CODE_SIGN_IDENTITY = "-";
				COPY_PHASE_STRIP = NO;
				DEBUG_INFORMATION_FORMAT = "dwarf-with-dsym";
				ENABLE_NS_ASSERTIONS = NO;
				ENABLE_STRICT_OBJC_MSGSEND = YES;
				GCC_C_LANGUAGE_STANDARD = gnu99;
				GCC_NO_COMMON_BLOCKS = YES;
				GCC_WARN_64_TO_32_BIT_CONVERSION = YES;
				GCC_WARN_ABOUT_RETURN_TYPE = YES_ERROR;
				GCC_WARN_UNDECLARED_SELECTOR = YES;
				GCC_WARN_UNINITIALIZED_AUTOS = YES_AGGRESSIVE;
				GCC_WARN_UNUSED_FUNCTION = YES;
				GCC_WARN_UNUSED_VARIABLE = YES;
				MACOSX_DEPLOYMENT_TARGET = 10.10;
				MTL_ENABLE_DEBUG_INFO = NO;
				SDKROOT = macosx;
			};
			name = Release;
		};
		2947C3341CDB3C74002A406D /* Debug */ = {
			isa = XCBuildConfiguration;
			buildSettings = {
				PRODUCT_NAME = "$(TARGET_NAME)";
			};
			name = Debug;
		};
		2947C3351CDB3C74002A406D /* Release */ = {
			isa = XCBuildConfiguration;
			buildSettings = {
				PRODUCT_NAME = "$(TARGET_NAME)";
			};
			name = Release;
		};
/* End XCBuildConfiguration section */

/* Begin XCConfigurationList section */
		2947C3271CDB3C74002A406D /* Build configuration list for PBXProject "stl" */ = {
			isa = XCConfigurationList;
			buildConfigurations = (
				2947C3311CDB3C74002A406D /* Debug */,
				2947C3321CDB3C74002A406D /* Release */,
			);
			defaultConfigurationIsVisible = 0;
			defaultConfigurationName = Release;
		};
		2947C3331CDB3C74002A406D /* Build configuration list for PBXNativeTarget "stl" */ = {
			isa = XCConfigurationList;
			buildConfigurations = (
				2947C3341CDB3C74002A406D /* Debug */,
				2947C3351CDB3C74002A406D /* Release */,
			);
			defaultConfigurationIsVisible = 0;
			defaultConfigurationName = Release;
		};
/* End XCConfigurationList section */
	};
	rootObject = 2947C3241CDB3C74002A406D /* Project object */;
}
